
Microsoft Visual Studio Solution File, Format Version 12.00
# Visual Studio Version 16
VisualStudioVersion = 16.0.29025.244
MinimumVisualStudioVersion = 10.0.40219.1
Project("{FAE04EC0-301F-11D3-BF4B-00C04F79EFBC}") = "Genetic Algorithm", "Genetic Algorithm\Genetic Algorithm.csproj", "{3F8E5C1B-99E4-4FFB-A0D8-353F3076C569}"
EndProject
Project("{FAE04EC0-301F-11D3-BF4B-00C04F79EFBC}") = "GA_KP", "GA_KP\GA_KP.csproj", "{0314C696-9968-4DE8-9F57-123C8B37CA23}"
EndProject
Global
	GlobalSection(SolutionConfigurationPlatforms) = preSolution
		Debug|Any CPU = Debug|Any CPU
		Release|Any CPU = Release|Any CPU
	EndGlobalSection
	GlobalSection(ProjectConfigurationPlatforms) = postSolution
		{3F8E5C1B-99E4-4FFB-A0D8-353F3076C569}.Debug|Any CPU.ActiveCfg = Debug|Any CPU
		{3F8E5C1B-99E4-4FFB-A0D8-353F3076C569}.Debug|Any CPU.Build.0 = Debug|Any CPU
		{3F8E5C1B-99E4-4FFB-A0D8-353F3076C569}.Release|Any CPU.ActiveCfg = Release|Any CPU
		{3F8E5C1B-99E4-4FFB-A0D8-353F3076C569}.Release|Any CPU.Build.0 = Release|Any CPU
		{0314C696-9968-4DE8-9F57-123C8B37CA23}.Debug|Any CPU.ActiveCfg = Debug|Any CPU
		{0314C696-9968-4DE8-9F57-123C8B37CA23}.Debug|Any CPU.Build.0 = Debug|Any CPU
		{0314C696-9968-4DE8-9F57-123C8B37CA23}.Release|Any CPU.ActiveCfg = Release|Any CPU
		{0314C696-9968-4DE8-9F57-123C8B37CA23}.Release|Any CPU.Build.0 = Release|Any CPU
	EndGlobalSection
	GlobalSection(SolutionProperties) = preSolution
		HideSolutionNode = FALSE
	EndGlobalSection
	GlobalSection(ExtensibilityGlobals) = postSolution
		SolutionGuid = {4807F171-3AA7-4958-A6F0-1EFD14217E3E}
	EndGlobalSection
EndGlobal
